
Microsoft Visual Studio Solution File, Format Version 12.00
# Visual Studio Version 16
VisualStudioVersion = 16.0.31424.327
MinimumVisualStudioVersion = 10.0.40219.1
Project("{9A19103F-16F7-4668-BE54-9A1E7A4F7556}") = "JumpCloudAssignment", "JumpCloudAssignment\JumpCloudAssignment.csproj", "{A1D924F3-B3BE-4546-8B56-9EC2B20A2FF9}"
EndProject
Project("{FAE04EC0-301F-11D3-BF4B-00C04F79EFBC}") = "JumpCloudAssignment.Tests", "JumpCloudAssignment.Tests\JumpCloudAssignment.Tests.csproj", "{7E4D8C89-6A67-4DA8-B78B-BE25C04E8ECE}"
EndProject
Global
	GlobalSection(SolutionConfigurationPlatforms) = preSolution
		Debug|Any CPU = Debug|Any CPU
		Release|Any CPU = Release|Any CPU
	EndGlobalSection
	GlobalSection(ProjectConfigurationPlatforms) = postSolution
		{A1D924F3-B3BE-4546-8B56-9EC2B20A2FF9}.Debug|Any CPU.ActiveCfg = Debug|Any CPU
		{A1D924F3-B3BE-4546-8B56-9EC2B20A2FF9}.Debug|Any CPU.Build.0 = Debug|Any CPU
		{A1D924F3-B3BE-4546-8B56-9EC2B20A2FF9}.Release|Any CPU.ActiveCfg = Release|Any CPU
		{A1D924F3-B3BE-4546-8B56-9EC2B20A2FF9}.Release|Any CPU.Build.0 = Release|Any CPU
		{7E4D8C89-6A67-4DA8-B78B-BE25C04E8ECE}.Debug|Any CPU.ActiveCfg = Debug|Any CPU
		{7E4D8C89-6A67-4DA8-B78B-BE25C04E8ECE}.Debug|Any CPU.Build.0 = Debug|Any CPU
		{7E4D8C89-6A67-4DA8-B78B-BE25C04E8ECE}.Release|Any CPU.ActiveCfg = Release|Any CPU
		{7E4D8C89-6A67-4DA8-B78B-BE25C04E8ECE}.Release|Any CPU.Build.0 = Release|Any CPU
	EndGlobalSection
	GlobalSection(SolutionProperties) = preSolution
		HideSolutionNode = FALSE
	EndGlobalSection
	GlobalSection(ExtensibilityGlobals) = postSolution
		SolutionGuid = {E62B3F8D-F2C7-4DA7-9CEA-7084E2A7B4D8}
	EndGlobalSection
EndGlobal
